
Microsoft Visual Studio Solution File, Format Version 12.00
# Visual Studio 15
VisualStudioVersion = 15.0.27428.2015
MinimumVisualStudioVersion = 10.0.40219.1
Project("{FAE04EC0-301F-11D3-BF4B-00C04F79EFBC}") = "TreeDemo", "TreeDemo\TreeDemo.csproj", "{620D1B3F-297A-42A9-988F-E89E3859CC26}"
EndProject
Project("{FAE04EC0-301F-11D3-BF4B-00C04F79EFBC}") = "TreeDemo.Test", "TreeDemo.Test\TreeDemo.Test.csproj", "{8AF3A652-4191-4072-9490-F4B90CD6867E}"
EndProject
Global
	GlobalSection(SolutionConfigurationPlatforms) = preSolution
		Debug|Any CPU = Debug|Any CPU
		Release|Any CPU = Release|Any CPU
	EndGlobalSection
	GlobalSection(ProjectConfigurationPlatforms) = postSolution
		{620D1B3F-297A-42A9-988F-E89E3859CC26}.Debug|Any CPU.ActiveCfg = Debug|Any CPU
		{620D1B3F-297A-42A9-988F-E89E3859CC26}.Debug|Any CPU.Build.0 = Debug|Any CPU
		{620D1B3F-297A-42A9-988F-E89E3859CC26}.Release|Any CPU.ActiveCfg = Release|Any CPU
		{620D1B3F-297A-42A9-988F-E89E3859CC26}.Release|Any CPU.Build.0 = Release|Any CPU
		{8AF3A652-4191-4072-9490-F4B90CD6867E}.Debug|Any CPU.ActiveCfg = Debug|Any CPU
		{8AF3A652-4191-4072-9490-F4B90CD6867E}.Debug|Any CPU.Build.0 = Debug|Any CPU
		{8AF3A652-4191-4072-9490-F4B90CD6867E}.Release|Any CPU.ActiveCfg = Release|Any CPU
		{8AF3A652-4191-4072-9490-F4B90CD6867E}.Release|Any CPU.Build.0 = Release|Any CPU
	EndGlobalSection
	GlobalSection(SolutionProperties) = preSolution
		HideSolutionNode = FALSE
	EndGlobalSection
	GlobalSection(ExtensibilityGlobals) = postSolution
		SolutionGuid = {BFED8F77-7D40-40AD-93E9-2D955B581979}
	EndGlobalSection
EndGlobal
